
Microsoft Visual Studio Solution File, Format Version 12.00
# Visual Studio Version 17
VisualStudioVersion = 17.5.002.0
MinimumVisualStudioVersion = 10.0.40219.1
Project("{9A19103F-16F7-4668-BE54-9A1E7A4F7556}") = "Library", "Library\Library.csproj", "{F27EFF72-FE63-4A50-8312-6DC3C9EC84F0}"
EndProject
Project("{9A19103F-16F7-4668-BE54-9A1E7A4F7556}") = "Program", "Program\Program.csproj", "{EA2D9A82-3D03-4A96-BF3C-C1C01BAB74DB}"
EndProject
Global
	GlobalSection(SolutionConfigurationPlatforms) = preSolution
		Debug|Any CPU = Debug|Any CPU
		Release|Any CPU = Release|Any CPU
	EndGlobalSection
	GlobalSection(ProjectConfigurationPlatforms) = postSolution
		{F27EFF72-FE63-4A50-8312-6DC3C9EC84F0}.Debug|Any CPU.ActiveCfg = Debug|Any CPU
		{F27EFF72-FE63-4A50-8312-6DC3C9EC84F0}.Debug|Any CPU.Build.0 = Debug|Any CPU
		{F27EFF72-FE63-4A50-8312-6DC3C9EC84F0}.Release|Any CPU.ActiveCfg = Release|Any CPU
		{F27EFF72-FE63-4A50-8312-6DC3C9EC84F0}.Release|Any CPU.Build.0 = Release|Any CPU
		{EA2D9A82-3D03-4A96-BF3C-C1C01BAB74DB}.Debug|Any CPU.ActiveCfg = Debug|Any CPU
		{EA2D9A82-3D03-4A96-BF3C-C1C01BAB74DB}.Debug|Any CPU.Build.0 = Debug|Any CPU
		{EA2D9A82-3D03-4A96-BF3C-C1C01BAB74DB}.Release|Any CPU.ActiveCfg = Release|Any CPU
		{EA2D9A82-3D03-4A96-BF3C-C1C01BAB74DB}.Release|Any CPU.Build.0 = Release|Any CPU
	EndGlobalSection
	GlobalSection(SolutionProperties) = preSolution
		HideSolutionNode = FALSE
	EndGlobalSection
	GlobalSection(ExtensibilityGlobals) = postSolution
		SolutionGuid = {AF9E5E77-C156-4753-88B9-2A02A21F13E3}
	EndGlobalSection
EndGlobal
